{
  "version": 4,
  "terraform_version": "1.15.8",
  "serial": 39,
  "lineage": "fe6229ba-8471-fc4e-f27b-b9894b15985b",
  "outputs": {
    "acr_admin_password": {
      "value": "FsWvw6WbN91EIKaoSA7PRtOjBHCNk9J4vtDnqtWRDCUzxNj6Q1hlJQQJ99CGACZoyfiEqg7NAAACAZCRRScZ",
      "type": "string",
      "sensitive": true
    },
    "acr_admin_username": {
      "value": "dwiacr5p69tr",
      "type": "string"
    },
    "acr_login_server": {
      "value": "dwiacr5p69tr.azurecr.io",
      "type": "string"
    },
    "api_gateway_fqdn": {
      "value": null,
      "type": "dynamic"
    },
    "api_gateway_url": {
      "value": null,
      "type": "dynamic"
    },
    "auth_fqdn": {
      "value": null,
      "type": "dynamic"
    },
    "catalogo_fqdn": {
      "value": null,
      "type": "dynamic"
    },
    "cliente_fqdn": {
      "value": null,
      "type": "dynamic"
    },
    "config_server_fqdn": {
      "value": null,
      "type": "dynamic"
    },
    "container_apps_environment_default_domain": {
      "value": "redcliff-416ac537.brazilsouth.azurecontainerapps.io",
      "type": "string"
    },
    "container_apps_fqdns": {
      "value": {
        "api_gateway": null,
        "auth": null,
        "catalogo": null,
        "cliente": null,
        "config_server": null,
        "discovery_server": null,
        "notificaciones": null,
        "promociones": null,
        "ventas": null
      },
      "type": [
        "object",
        {
          "api_gateway": "dynamic",
          "auth": "dynamic",
          "catalogo": "dynamic",
          "cliente": "dynamic",
          "config_server": "dynamic",
          "discovery_server": "dynamic",
          "notificaciones": "dynamic",
          "promociones": "dynamic",
          "ventas": "dynamic"
        }
      ]
    },
    "discovery_server_fqdn": {
      "value": null,
      "type": "dynamic"
    },
    "notificaciones_fqdn": {
      "value": null,
      "type": "dynamic"
    },
    "postgresql_fqdn": {
      "value": "dwi-pg-5p69tr.postgres.database.azure.com",
      "type": "string"
    },
    "promociones_fqdn": {
      "value": null,
      "type": "dynamic"
    },
    "ventas_fqdn": {
      "value": null,
      "type": "dynamic"
    }
  },
  "resources": [
    {
      "mode": "managed",
      "type": "azurerm_container_app_environment",
      "name": "env",
      "provider": "provider[\"registry.terraform.io/hashicorp/azurerm\"]",
      "instances": [
        {
          "schema_version": 0,
          "attributes": {
            "custom_domain_verification_id": "1DC7750E6A9D9819AF78388B5188BAEE27F81D0ED66CB496DA8B993046C1ED1A",
            "dapr_application_insights_connection_string": "",
            "default_domain": "redcliff-416ac537.brazilsouth.azurecontainerapps.io",
            "docker_bridge_cidr": "",
            "id": "/subscriptions/1eb0f719-0393-40d7-b4d2-b3f06b69eaa2/resourceGroups/dwi-rg/providers/Microsoft.App/managedEnvironments/dwi-env",
            "identity": [],
            "infrastructure_resource_group_name": "",
            "infrastructure_subnet_id": "",
            "internal_load_balancer_enabled": false,
            "location": "brazilsouth",
            "log_analytics_workspace_id": "/subscriptions/1eb0f719-0393-40d7-b4d2-b3f06b69eaa2/resourceGroups/dwi-rg/providers/Microsoft.OperationalInsights/workspaces/dwi-logs",
            "logs_destination": "log-analytics",
            "mutual_tls_enabled": false,
            "name": "dwi-env",
            "platform_reserved_cidr": "",
            "platform_reserved_dns_ip_address": "",
            "public_network_access": "Enabled",
            "resource_group_name": "dwi-rg",
            "static_ip_address": "74.163.173.68",
            "tags": {
              "proyecto": "dwi"
            },
            "timeouts": null,
            "workload_profile": [],
            "zone_redundancy_enabled": false
          },
          "sensitive_attributes": [
            [
              {
                "type": "get_attr",
                "value": "dapr_application_insights_connection_string"
              }
            ]
          ],
          "identity_schema_version": 0,
          "private": "eyJlMmJmYjczMC1lY2FhLTExZTYtOGY4OC0zNDM2M2JjN2M0YzAiOnsiY3JlYXRlIjoxODAwMDAwMDAwMDAwLCJkZWxldGUiOjE4MDAwMDAwMDAwMDAsInJlYWQiOjMwMDAwMDAwMDAwMCwidXBkYXRlIjoxODAwMDAwMDAwMDAwfSwic2NoZW1hX3ZlcnNpb24iOiIwIn0=",
          "dependencies": [
            "azurerm_log_analytics_workspace.logs",
            "azurerm_resource_group.rg"
          ]
        }
      ]
    },
    {
      "mode": "managed",
      "type": "azurerm_container_registry",
      "name": "acr",
      "provider": "provider[\"registry.terraform.io/hashicorp/azurerm\"]",
      "instances": [
        {
          "schema_version": 2,
          "attributes": {
            "admin_enabled": true,
            "admin_password": "FsWvw6WbN91EIKaoSA7PRtOjBHCNk9J4vtDnqtWRDCUzxNj6Q1hlJQQJ99CGACZoyfiEqg7NAAACAZCRRScZ",
            "admin_username": "dwiacr5p69tr",
            "anonymous_pull_enabled": false,
            "azuread_authentication_as_arm_policy_enabled": true,
            "data_endpoint_enabled": false,
            "data_endpoint_host_names": [],
            "encryption": [],
            "export_policy_enabled": true,
            "georeplications": [],
            "id": "/subscriptions/1eb0f719-0393-40d7-b4d2-b3f06b69eaa2/resourceGroups/dwi-rg/providers/Microsoft.ContainerRegistry/registries/dwiacr5p69tr",
            "identity": [],
            "location": "brazilsouth",
            "login_server": "dwiacr5p69tr.azurecr.io",
            "name": "dwiacr5p69tr",
            "network_rule_bypass_for_tasks_enabled": false,
            "network_rule_bypass_option": "AzureServices",
            "network_rule_set": [],
            "public_network_access_enabled": true,
            "quarantine_policy_enabled": false,
            "resource_group_name": "dwi-rg",
            "retention_policy_in_days": 0,
            "role_assignment_mode": "LegacyRegistryPermissions",
            "sku": "Basic",
            "tags": {
              "proyecto": "dwi"
            },
            "timeouts": null,
            "trust_policy_enabled": false,
            "zone_redundancy_enabled": false
          },
          "sensitive_attributes": [
            [
              {
                "type": "get_attr",
                "value": "admin_password"
              }
            ]
          ],
          "identity_schema_version": 0,
          "private": "eyJlMmJmYjczMC1lY2FhLTExZTYtOGY4OC0zNDM2M2JjN2M0YzAiOnsiY3JlYXRlIjoxODAwMDAwMDAwMDAwLCJkZWxldGUiOjE4MDAwMDAwMDAwMDAsInJlYWQiOjMwMDAwMDAwMDAwMCwidXBkYXRlIjoxODAwMDAwMDAwMDAwfSwic2NoZW1hX3ZlcnNpb24iOiIyIn0=",
          "dependencies": [
            "azurerm_resource_group.rg",
            "random_string.suffix"
          ]
        }
      ]
    },
    {
      "mode": "managed",
      "type": "azurerm_log_analytics_workspace",
      "name": "logs",
      "provider": "provider[\"registry.terraform.io/hashicorp/azurerm\"]",
      "instances": [
        {
          "schema_version": 3,
          "attributes": {
            "allow_resource_only_permissions": true,
            "cmk_for_query_forced": false,
            "daily_quota_gb": -1,
            "data_collection_rule_id": "",
            "id": "/subscriptions/1eb0f719-0393-40d7-b4d2-b3f06b69eaa2/resourceGroups/dwi-rg/providers/Microsoft.OperationalInsights/workspaces/dwi-logs",
            "identity": [],
            "immediate_data_purge_on_30_days_enabled": false,
            "internet_ingestion_enabled": true,
            "internet_query_enabled": true,
            "local_authentication_disabled": false,
            "local_authentication_enabled": true,
            "location": "brazilsouth",
            "name": "dwi-logs",
            "primary_shared_key": "NVVzoCF7xQBQkRh1vO5EgA91oxBCAosvBqDpI+nhFXNa2G00iHR8gkgFjNjvNObdqcSk45dhdaLdhYzvWotXJQ==",
            "reservation_capacity_in_gb_per_day": null,
            "resource_group_name": "dwi-rg",
            "retention_in_days": 30,
            "secondary_shared_key": "pVlzFTzISbK2C1JCN1bwNC4ryh6L4HqbONXvjfGn48QuNyAE6vvxJhV5EMVYM5mHI4ngyh7BrVIo5PO7jD7Xug==",
            "sku": "PerGB2018",
            "tags": {},
            "timeouts": null,
            "workspace_id": "0709676d-df93-4552-b45d-33f2be24e358"
          },
          "sensitive_attributes": [
            [
              {
                "type": "get_attr",
                "value": "primary_shared_key"
              }
            ],
            [
              {
                "type": "get_attr",
                "value": "secondary_shared_key"
              }
            ]
          ],
          "identity_schema_version": 0,
          "private": "eyJlMmJmYjczMC1lY2FhLTExZTYtOGY4OC0zNDM2M2JjN2M0YzAiOnsiY3JlYXRlIjoxODAwMDAwMDAwMDAwLCJkZWxldGUiOjE4MDAwMDAwMDAwMDAsInJlYWQiOjMwMDAwMDAwMDAwMCwidXBkYXRlIjoxODAwMDAwMDAwMDAwfSwic2NoZW1hX3ZlcnNpb24iOiIzIn0=",
          "dependencies": [
            "azurerm_resource_group.rg"
          ]
        }
      ]
    },
    {
      "mode": "managed",
      "type": "azurerm_postgresql_flexible_server",
      "name": "pg",
      "provider": "provider[\"registry.terraform.io/hashicorp/azurerm\"]",
      "instances": [
        {
          "schema_version": 0,
          "attributes": {
            "administrator_login": "adminpg",
            "administrator_password": "Admin123!",
            "administrator_password_wo": null,
            "administrator_password_wo_version": 0,
            "authentication": [
              {
                "active_directory_auth_enabled": false,
                "password_auth_enabled": true,
                "tenant_id": ""
              }
            ],
            "auto_grow_enabled": false,
            "backup_retention_days": 7,
            "cluster": [],
            "create_mode": null,
            "customer_managed_key": [],
            "delegated_subnet_id": "",
            "fqdn": "dwi-pg-5p69tr.postgres.database.azure.com",
            "geo_redundant_backup_enabled": false,
            "high_availability": [],
            "id": "/subscriptions/1eb0f719-0393-40d7-b4d2-b3f06b69eaa2/resourceGroups/dwi-rg/providers/Microsoft.DBforPostgreSQL/flexibleServers/dwi-pg-5p69tr",
            "identity": [],
            "location": "brazilsouth",
            "maintenance_window": [],
            "name": "dwi-pg-5p69tr",
            "point_in_time_restore_time_in_utc": "",
            "private_dns_zone_id": "",
            "public_network_access_enabled": true,
            "replication_role": "",
            "resource_group_name": "dwi-rg",
            "sku_name": "B_Standard_B1ms",
            "source_server_id": "",
            "storage_mb": 32768,
            "storage_tier": "P4",
            "tags": {
              "proyecto": "dwi"
            },
            "timeouts": null,
            "version": "16",
            "zone": "1"
          },
          "sensitive_attributes": [
            [
              {
                "type": "get_attr",
                "value": "administrator_password"
              }
            ]
          ],
          "identity_schema_version": 0,
          "private": "eyJlMmJmYjczMC1lY2FhLTExZTYtOGY4OC0zNDM2M2JjN2M0YzAiOnsiY3JlYXRlIjozNjAwMDAwMDAwMDAwLCJkZWxldGUiOjM2MDAwMDAwMDAwMDAsInJlYWQiOjMwMDAwMDAwMDAwMCwidXBkYXRlIjozNjAwMDAwMDAwMDAwfX0=",
          "dependencies": [
            "azurerm_resource_group.rg",
            "random_string.suffix"
          ]
        }
      ]
    },
    {
      "mode": "managed",
      "type": "azurerm_postgresql_flexible_server_database",
      "name": "main_db",
      "provider": "provider[\"registry.terraform.io/hashicorp/azurerm\"]",
      "instances": [
        {
          "schema_version": 0,
          "attributes": {
            "charset": "UTF8",
            "collation": "en_US.utf8",
            "id": "/subscriptions/1eb0f719-0393-40d7-b4d2-b3f06b69eaa2/resourceGroups/dwi-rg/providers/Microsoft.DBforPostgreSQL/flexibleServers/dwi-pg-5p69tr/databases/microservices_db",
            "name": "microservices_db",
            "server_id": "/subscriptions/1eb0f719-0393-40d7-b4d2-b3f06b69eaa2/resourceGroups/dwi-rg/providers/Microsoft.DBforPostgreSQL/flexibleServers/dwi-pg-5p69tr",
            "timeouts": null
          },
          "sensitive_attributes": [],
          "identity_schema_version": 0,
          "private": "eyJlMmJmYjczMC1lY2FhLTExZTYtOGY4OC0zNDM2M2JjN2M0YzAiOnsiY3JlYXRlIjoxODAwMDAwMDAwMDAwLCJkZWxldGUiOjE4MDAwMDAwMDAwMDAsInJlYWQiOjMwMDAwMDAwMDAwMH19",
          "dependencies": [
            "azurerm_postgresql_flexible_server.pg",
            "azurerm_resource_group.rg",
            "random_string.suffix"
          ]
        }
      ]
    },
    {
      "mode": "managed",
      "type": "azurerm_postgresql_flexible_server_firewall_rule",
      "name": "allow_azure",
      "provider": "provider[\"registry.terraform.io/hashicorp/azurerm\"]",
      "instances": [
        {
          "schema_version": 0,
          "attributes": {
            "end_ip_address": "0.0.0.0",
            "id": "/subscriptions/1eb0f719-0393-40d7-b4d2-b3f06b69eaa2/resourceGroups/dwi-rg/providers/Microsoft.DBforPostgreSQL/flexibleServers/dwi-pg-5p69tr/firewallRules/AllowAzureServices",
            "name": "AllowAzureServices",
            "server_id": "/subscriptions/1eb0f719-0393-40d7-b4d2-b3f06b69eaa2/resourceGroups/dwi-rg/providers/Microsoft.DBforPostgreSQL/flexibleServers/dwi-pg-5p69tr",
            "start_ip_address": "0.0.0.0",
            "timeouts": null
          },
          "sensitive_attributes": [],
          "identity_schema_version": 0,
          "identity": {
            "flexible_server_name": "dwi-pg-5p69tr",
            "name": "AllowAzureServices",
            "resource_group_name": "dwi-rg",
            "subscription_id": "1eb0f719-0393-40d7-b4d2-b3f06b69eaa2"
          },
          "private": "eyJlMmJmYjczMC1lY2FhLTExZTYtOGY4OC0zNDM2M2JjN2M0YzAiOnsiY3JlYXRlIjoxODAwMDAwMDAwMDAwLCJkZWxldGUiOjE4MDAwMDAwMDAwMDAsInJlYWQiOjMwMDAwMDAwMDAwMCwidXBkYXRlIjoxODAwMDAwMDAwMDAwfX0=",
          "dependencies": [
            "azurerm_postgresql_flexible_server.pg",
            "azurerm_resource_group.rg",
            "random_string.suffix"
          ]
        }
      ]
    },
    {
      "mode": "managed",
      "type": "azurerm_resource_group",
      "name": "rg",
      "provider": "provider[\"registry.terraform.io/hashicorp/azurerm\"]",
      "instances": [
        {
          "schema_version": 0,
          "attributes": {
            "id": "/subscriptions/1eb0f719-0393-40d7-b4d2-b3f06b69eaa2/resourceGroups/dwi-rg",
            "location": "brazilsouth",
            "managed_by": "",
            "name": "dwi-rg",
            "tags": {
              "proyecto": "dwi"
            },
            "timeouts": null
          },
          "sensitive_attributes": [],
          "identity_schema_version": 0,
          "identity": {
            "name": "dwi-rg",
            "subscription_id": "1eb0f719-0393-40d7-b4d2-b3f06b69eaa2"
          },
          "private": "eyJlMmJmYjczMC1lY2FhLTExZTYtOGY4OC0zNDM2M2JjN2M0YzAiOnsiY3JlYXRlIjo1NDAwMDAwMDAwMDAwLCJkZWxldGUiOjU0MDAwMDAwMDAwMDAsInJlYWQiOjMwMDAwMDAwMDAwMCwidXBkYXRlIjo1NDAwMDAwMDAwMDAwfX0="
        }
      ]
    },
    {
      "mode": "managed",
      "type": "random_string",
      "name": "suffix",
      "provider": "provider[\"registry.terraform.io/hashicorp/random\"]",
      "instances": [
        {
          "schema_version": 2,
          "attributes": {
            "id": "5p69tr",
            "keepers": null,
            "length": 6,
            "lower": true,
            "min_lower": 0,
            "min_numeric": 0,
            "min_special": 0,
            "min_upper": 0,
            "number": true,
            "numeric": true,
            "override_special": null,
            "result": "5p69tr",
            "special": false,
            "upper": false
          },
          "sensitive_attributes": [],
          "identity_schema_version": 0
        }
      ]
    }
  ],
  "check_results": null
}
